
Microsoft Visual Studio Solution File, Format Version 12.00
# Visual Studio Version 16
VisualStudioVersion = 25.0.1704.2
MinimumVisualStudioVersion = 10.0.40219.1
Project("{FAE04EC0-301F-11D3-BF4B-00C04F79EFBC}") = "ImageProcessorWebApp", "ImageProcessorWebApp.csproj", "{0C8E9CE9-35E6-480F-BB8D-41F7A725F003}"
EndProject
Project("{FAE04EC0-301F-11D3-BF4B-00C04F79EFBC}") = "CleanFunction", "..\ImageProcessor\CleanFunction.csproj", "{7D712930-8484-45F6-A1CC-BE252C6C57E8}"
EndProject
Global
	GlobalSection(SolutionConfigurationPlatforms) = preSolution
		Debug|Any CPU = Debug|Any CPU
		Release|Any CPU = Release|Any CPU
	EndGlobalSection
	GlobalSection(ProjectConfigurationPlatforms) = postSolution
		{0C8E9CE9-35E6-480F-BB8D-41F7A725F003}.Debug|Any CPU.ActiveCfg = Debug|Any CPU
		{0C8E9CE9-35E6-480F-BB8D-41F7A725F003}.Debug|Any CPU.Build.0 = Debug|Any CPU
		{0C8E9CE9-35E6-480F-BB8D-41F7A725F003}.Release|Any CPU.ActiveCfg = Release|Any CPU
		{0C8E9CE9-35E6-480F-BB8D-41F7A725F003}.Release|Any CPU.Build.0 = Release|Any CPU
		{7D712930-8484-45F6-A1CC-BE252C6C57E8}.Debug|Any CPU.ActiveCfg = Debug|Any CPU
		{7D712930-8484-45F6-A1CC-BE252C6C57E8}.Debug|Any CPU.Build.0 = Debug|Any CPU
		{7D712930-8484-45F6-A1CC-BE252C6C57E8}.Release|Any CPU.ActiveCfg = Release|Any CPU
		{7D712930-8484-45F6-A1CC-BE252C6C57E8}.Release|Any CPU.Build.0 = Release|Any CPU
	EndGlobalSection
	GlobalSection(SolutionProperties) = preSolution
		HideSolutionNode = FALSE
	EndGlobalSection
	GlobalSection(ExtensibilityGlobals) = postSolution
		SolutionGuid = {46D26DFC-AA19-422F-89F3-E7B93CC05E0A}
	EndGlobalSection
EndGlobal
