
Microsoft Visual Studio Solution File, Format Version 12.00
# Visual Studio Version 16
VisualStudioVersion = 25.0.1704.2
MinimumVisualStudioVersion = 10.0.40219.1
Project("{FAE04EC0-301F-11D3-BF4B-00C04F79EFBC}") = "CleanFunction", "CleanFunction.csproj", "{A6FE676B-E9CE-4B6A-86F7-00E767C90747}"
EndProject
Global
	GlobalSection(SolutionConfigurationPlatforms) = preSolution
		Debug|Any CPU = Debug|Any CPU
		Release|Any CPU = Release|Any CPU
	EndGlobalSection
	GlobalSection(ProjectConfigurationPlatforms) = postSolution
		{A6FE676B-E9CE-4B6A-86F7-00E767C90747}.Debug|Any CPU.ActiveCfg = Debug|Any CPU
		{A6FE676B-E9CE-4B6A-86F7-00E767C90747}.Debug|Any CPU.Build.0 = Debug|Any CPU
		{A6FE676B-E9CE-4B6A-86F7-00E767C90747}.Release|Any CPU.ActiveCfg = Release|Any CPU
		{A6FE676B-E9CE-4B6A-86F7-00E767C90747}.Release|Any CPU.Build.0 = Release|Any CPU
	EndGlobalSection
	GlobalSection(SolutionProperties) = preSolution
		HideSolutionNode = FALSE
	EndGlobalSection
	GlobalSection(ExtensibilityGlobals) = postSolution
		SolutionGuid = {0986BFFB-D868-4CB6-AD82-AA080F6F7942}
	EndGlobalSection
EndGlobal
