
Microsoft Visual Studio Solution File, Format Version 12.00
# Visual Studio Version 16
VisualStudioVersion = 25.0.1704.2
MinimumVisualStudioVersion = 10.0.40219.1
Project("{FAE04EC0-301F-11D3-BF4B-00C04F79EFBC}") = "CleanFunction", "CleanFunction\CleanFunction.csproj", "{07B8ABAB-051B-4123-AFBC-CD7C9E29801C}"
EndProject
Project("{FAE04EC0-301F-11D3-BF4B-00C04F79EFBC}") = "ImageProcessorWebApp", "ImageProcessorWebApp\ImageProcessorWebApp.csproj", "{2A438A26-DED9-46CE-AF2D-1AE8557E3FE2}"
EndProject
Global
	GlobalSection(SolutionConfigurationPlatforms) = preSolution
		Debug|Any CPU = Debug|Any CPU
		Release|Any CPU = Release|Any CPU
	EndGlobalSection
	GlobalSection(ProjectConfigurationPlatforms) = postSolution
		{07B8ABAB-051B-4123-AFBC-CD7C9E29801C}.Debug|Any CPU.ActiveCfg = Debug|Any CPU
		{07B8ABAB-051B-4123-AFBC-CD7C9E29801C}.Debug|Any CPU.Build.0 = Debug|Any CPU
		{07B8ABAB-051B-4123-AFBC-CD7C9E29801C}.Release|Any CPU.ActiveCfg = Release|Any CPU
		{07B8ABAB-051B-4123-AFBC-CD7C9E29801C}.Release|Any CPU.Build.0 = Release|Any CPU
		{2A438A26-DED9-46CE-AF2D-1AE8557E3FE2}.Debug|Any CPU.ActiveCfg = Debug|Any CPU
		{2A438A26-DED9-46CE-AF2D-1AE8557E3FE2}.Debug|Any CPU.Build.0 = Debug|Any CPU
		{2A438A26-DED9-46CE-AF2D-1AE8557E3FE2}.Release|Any CPU.ActiveCfg = Release|Any CPU
		{2A438A26-DED9-46CE-AF2D-1AE8557E3FE2}.Release|Any CPU.Build.0 = Release|Any CPU
	EndGlobalSection
	GlobalSection(SolutionProperties) = preSolution
		HideSolutionNode = FALSE
	EndGlobalSection
	GlobalSection(ExtensibilityGlobals) = postSolution
		SolutionGuid = {5EEEB6BA-A3E0-4920-ACE4-504793B727B1}
	EndGlobalSection
EndGlobal
